
Microsoft Visual Studio Solution File, Format Version 12.00
# Visual Studio Version 16
VisualStudioVersion = 16.0.29326.143
MinimumVisualStudioVersion = 10.0.40219.1
Project("{FAE04EC0-301F-11D3-BF4B-00C04F79EFBC}") = "A1_200395613", "A1_200395613\A1_200395613.csproj", "{75B19B13-F2C0-49F8-860E-CD0BAB8D0DA6}"
EndProject
Global
	GlobalSection(SolutionConfigurationPlatforms) = preSolution
		Debug|Any CPU = Debug|Any CPU
		Release|Any CPU = Release|Any CPU
	EndGlobalSection
	GlobalSection(ProjectConfigurationPlatforms) = postSolution
		{75B19B13-F2C0-49F8-860E-CD0BAB8D0DA6}.Debug|Any CPU.ActiveCfg = Debug|Any CPU
		{75B19B13-F2C0-49F8-860E-CD0BAB8D0DA6}.Debug|Any CPU.Build.0 = Debug|Any CPU
		{75B19B13-F2C0-49F8-860E-CD0BAB8D0DA6}.Release|Any CPU.ActiveCfg = Release|Any CPU
		{75B19B13-F2C0-49F8-860E-CD0BAB8D0DA6}.Release|Any CPU.Build.0 = Release|Any CPU
	EndGlobalSection
	GlobalSection(SolutionProperties) = preSolution
		HideSolutionNode = FALSE
	EndGlobalSection
	GlobalSection(ExtensibilityGlobals) = postSolution
		SolutionGuid = {70ECBCE2-0EAF-41B0-80DC-B1E7D1BB0F66}
	EndGlobalSection
EndGlobal
